// !$*UTF8*$!
{
	archiveVersion = 1;
	classes = {
	};
	objectVersion = 52;
	objects = {

/* Begin PBXBuildFile section */
		849918C6278B8BAC00992573 /* CoreAudio.framework in Frameworks */ = {isa = PBXBuildFile; fileRef = 849918C5278B8BAC00992573 /* CoreAudio.framework */; platformFilter = maccatalyst; };
		849918CF278B8C6400992573 /* libSDL2_image.a in Frameworks */ = {isa = PBXBuildFile; fileRef = 849918C7278B8C6400992573 /* libSDL2_image.a */; };
		849918D0278B8C6400992573 /* libSDL2.a in Frameworks */ = {isa = PBXBuildFile; fileRef = 849918C8278B8C6400992573 /* libSDL2.a */; };
		849918D1278B8C6400992573 /* libSDL2_test.a in Frameworks */ = {isa = PBXBuildFile; fileRef = 849918C9278B8C6400992573 /* libSDL2_test.a */; };
		849918D2278B8C6400992573 /* libSDL2_image-2.0.0.dylib in Frameworks */ = {isa = PBXBuildFile; fileRef = 849918CA278B8C6400992573 /* libSDL2_image-2.0.0.dylib */; };
		849918D3278B8C6400992573 /* libSDL2_image.dylib in Frameworks */ = {isa = PBXBuildFile; fileRef = 849918CB278B8C6400992573 /* libSDL2_image.dylib */; };
		849918D4278B8C6400992573 /* libSDL2main.a in Frameworks */ = {isa = PBXBuildFile; fileRef = 849918CC278B8C6400992573 /* libSDL2main.a */; };
		849918D5278B8C6400992573 /* libSDL2.dylib in Frameworks */ = {isa = PBXBuildFile; fileRef = 849918CD278B8C6400992573 /* libSDL2.dylib */; };
		849918D6278B8C6400992573 /* libSDL2-2.0.0.dylib in Frameworks */ = {isa = PBXBuildFile; fileRef = 849918CE278B8C6400992573 /* libSDL2-2.0.0.dylib */; };
		84991927278B96A100992573 /* Arkalite.lib in Resources */ = {isa = PBXBuildFile; fileRef = 84991926278B966700992573 /* Arkalite.lib */; };
		84991929278B9A9F00992573 /* 48face5.png in Resources */ = {isa = PBXBuildFile; fileRef = 84991928278B9A9F00992573 /* 48face5.png */; };
		84E487FA278DCBA300A14456 /* libSDL2_ttf-2.0.0.dylib in Frameworks */ = {isa = PBXBuildFile; fileRef = 84E487F7278DCBA300A14456 /* libSDL2_ttf-2.0.0.dylib */; };
		84E487FB278DCBA300A14456 /* libSDL2_ttf.a in Frameworks */ = {isa = PBXBuildFile; fileRef = 84E487F8278DCBA300A14456 /* libSDL2_ttf.a */; };
		84E487FC278DCBA300A14456 /* libSDL2_ttf.dylib in Frameworks */ = {isa = PBXBuildFile; fileRef = 84E487F9278DCBA300A14456 /* libSDL2_ttf.dylib */; };
		F938601320238D1400CE7020 /* zeldahp.dir in Resources */ = {isa = PBXBuildFile; fileRef = F938601220238CBE00CE7020 /* zeldahp.dir */; };
		F9386017202470E400CE7020 /* FreeSans.ttf in Resources */ = {isa = PBXBuildFile; fileRef = F9386016202470E400CE7020 /* FreeSans.ttf */; };
		F945D52A20260C1900909E91 /* 48face4.png in Resources */ = {isa = PBXBuildFile; fileRef = F945D52920260C1900909E91 /* 48face4.png */; };
		F9E49100201BEA5C00355128 /* AppDelegate.m in Sources */ = {isa = PBXBuildFile; fileRef = F9E490FF201BEA5C00355128 /* AppDelegate.m */; };
		F9E49102201BEA5C00355128 /* Assets.xcassets in Resources */ = {isa = PBXBuildFile; fileRef = F9E49101201BEA5C00355128 /* Assets.xcassets */; };
		F9E49105201BEA5C00355128 /* MainMenu.xib in Resources */ = {isa = PBXBuildFile; fileRef = F9E49103201BEA5C00355128 /* MainMenu.xib */; };
		F9E49108201BEA5C00355128 /* main1.m in Sources */ = {isa = PBXBuildFile; fileRef = F9E49107201BEA5C00355128 /* main1.m */; };
		F9E4913B201BEA8100355128 /* bus.c in Sources */ = {isa = PBXBuildFile; fileRef = F9E49110201BEA8100355128 /* bus.c */; };
		F9E4913C201BEA8100355128 /* color.c in Sources */ = {isa = PBXBuildFile; fileRef = F9E49112201BEA8100355128 /* color.c */; };
		F9E4913D201BEA8100355128 /* cpu.c in Sources */ = {isa = PBXBuildFile; fileRef = F9E49114201BEA8100355128 /* cpu.c */; };
		F9E4913E201BEA8100355128 /* disasm.c in Sources */ = {isa = PBXBuildFile; fileRef = F9E49116201BEA8100355128 /* disasm.c */; };
		F9E4913F201BEA8100355128 /* display.c in Sources */ = {isa = PBXBuildFile; fileRef = F9E49118201BEA8100355128 /* display.c */; };
		F9E49140201BEA8100355128 /* emulator.c in Sources */ = {isa = PBXBuildFile; fileRef = F9E4911A201BEA8100355128 /* emulator.c */; };
		F9E49141201BEA8100355128 /* gui.c in Sources */ = {isa = PBXBuildFile; fileRef = F9E4911C201BEA8100355128 /* gui.c */; };
		F9E49142201BEA8100355128 /* hdw.c in Sources */ = {isa = PBXBuildFile; fileRef = F9E4911E201BEA8100355128 /* hdw.c */; };
		F9E49143201BEA8100355128 /* keyboard.c in Sources */ = {isa = PBXBuildFile; fileRef = F9E49120201BEA8100355128 /* keyboard.c */; };
		F9E49144201BEA8100355128 /* main.c in Sources */ = {isa = PBXBuildFile; fileRef = F9E49122201BEA8100355128 /* main.c */; };
		F9E49145201BEA8100355128 /* opcodes.c in Sources */ = {isa = PBXBuildFile; fileRef = F9E49123201BEA8100355128 /* opcodes.c */; };
		F9E49146201BEA8100355128 /* pabout.c in Sources */ = {isa = PBXBuildFile; fileRef = F9E49126201BEA8100355128 /* pabout.c */; };
		F9E49147201BEA8100355128 /* pcalc.c in Sources */ = {isa = PBXBuildFile; fileRef = F9E49128201BEA8100355128 /* pcalc.c */; };
		F9E49148201BEA8100355128 /* pdebug.c in Sources */ = {isa = PBXBuildFile; fileRef = F9E4912A201BEA8100355128 /* pdebug.c */; };
		F9E49149201BEA8100355128 /* pfiles.c in Sources */ = {isa = PBXBuildFile; fileRef = F9E4912C201BEA8100355128 /* pfiles.c */; };
		F9E4914A201BEA8100355128 /* pmenu.c in Sources */ = {isa = PBXBuildFile; fileRef = F9E4912E201BEA8100355128 /* pmenu.c */; };
		F9E4914B201BEA8100355128 /* ports.c in Sources */ = {isa = PBXBuildFile; fileRef = F9E49130201BEA8100355128 /* ports.c */; };
		F9E4914C201BEA8100355128 /* ram.c in Sources */ = {isa = PBXBuildFile; fileRef = F9E49132201BEA8100355128 /* ram.c */; };
		F9E4914D201BEA8100355128 /* rom.c in Sources */ = {isa = PBXBuildFile; fileRef = F9E49134201BEA8100355128 /* rom.c */; };
		F9E4914E201BEA8100355128 /* rpl.c in Sources */ = {isa = PBXBuildFile; fileRef = F9E49136201BEA8100355128 /* rpl.c */; };
		F9E4914F201BEA8100355128 /* timers.c in Sources */ = {isa = PBXBuildFile; fileRef = F9E49138201BEA8100355128 /* timers.c */; };
		F9E49151201BF5B200355128 /* hpemu.rom in Resources */ = {isa = PBXBuildFile; fileRef = F9E49150201BF5B200355128 /* hpemu.rom */; };
		F9E49154201BF6DA00355128 /* CoreFoundation.framework in Frameworks */ = {isa = PBXBuildFile; fileRef = F9E49153201BF6DA00355128 /* CoreFoundation.framework */; };
/* End PBXBuildFile section */

/* Begin PBXFileReference section */
		849918C5278B8BAC00992573 /* CoreAudio.framework */ = {isa = PBXFileReference; lastKnownFileType = wrapper.framework; name = CoreAudio.framework; path = System/Library/Frameworks/CoreAudio.framework; sourceTree = SDKROOT; };
		849918C7278B8C6400992573 /* libSDL2_image.a */ = {isa = PBXFileReference; lastKnownFileType = archive.ar; name = libSDL2_image.a; path = SDL/lib/libSDL2_image.a; sourceTree = "<group>"; };
		849918C8278B8C6400992573 /* libSDL2.a */ = {isa = PBXFileReference; lastKnownFileType = archive.ar; name = libSDL2.a; path = SDL/lib/libSDL2.a; sourceTree = "<group>"; };
		849918C9278B8C6400992573 /* libSDL2_test.a */ = {isa = PBXFileReference; lastKnownFileType = archive.ar; name = libSDL2_test.a; path = SDL/lib/libSDL2_test.a; sourceTree = "<group>"; };
		849918CA278B8C6400992573 /* libSDL2_image-2.0.0.dylib */ = {isa = PBXFileReference; lastKnownFileType = "compiled.mach-o.dylib"; name = "libSDL2_image-2.0.0.dylib"; path = "SDL/lib/libSDL2_image-2.0.0.dylib"; sourceTree = "<group>"; };
		849918CB278B8C6400992573 /* libSDL2_image.dylib */ = {isa = PBXFileReference; lastKnownFileType = "compiled.mach-o.dylib"; name = libSDL2_image.dylib; path = SDL/lib/libSDL2_image.dylib; sourceTree = "<group>"; };
		849918CC278B8C6400992573 /* libSDL2main.a */ = {isa = PBXFileReference; lastKnownFileType = archive.ar; name = libSDL2main.a; path = SDL/lib/libSDL2main.a; sourceTree = "<group>"; };
		849918CD278B8C6400992573 /* libSDL2.dylib */ = {isa = PBXFileReference; lastKnownFileType = "compiled.mach-o.dylib"; name = libSDL2.dylib; path = SDL/lib/libSDL2.dylib; sourceTree = "<group>"; };
		849918CE278B8C6400992573 /* libSDL2-2.0.0.dylib */ = {isa = PBXFileReference; lastKnownFileType = "compiled.mach-o.dylib"; name = "libSDL2-2.0.0.dylib"; path = "SDL/lib/libSDL2-2.0.0.dylib"; sourceTree = "<group>"; };
		849918D9278B8C6D00992573 /* SDL_misc.h */ = {isa = PBXFileReference; fileEncoding = 4; lastKnownFileType = sourcecode.c.h; path = SDL_misc.h; sourceTree = "<group>"; };
		849918DA278B8C6D00992573 /* SDL_opengles2_gl2ext.h */ = {isa = PBXFileReference; fileEncoding = 4; lastKnownFileType = sourcecode.c.h; path = SDL_opengles2_gl2ext.h; sourceTree = "<group>"; };
		849918DB278B8C6D00992573 /* SDL_test_random.h */ = {isa = PBXFileReference; fileEncoding = 4; lastKnownFileType = sourcecode.c.h; path = SDL_test_random.h; sourceTree = "<group>"; };
		849918DC278B8C6D00992573 /* SDL_power.h */ = {isa = PBXFileReference; fileEncoding = 4; lastKnownFileType = sourcecode.c.h; path = SDL_power.h; sourceTree = "<group>"; };
		849918DD278B8C6D00992573 /* SDL_revision.h */ = {isa = PBXFileReference; fileEncoding = 4; lastKnownFileType = sourcecode.c.h; path = SDL_revision.h; sourceTree = "<group>"; };
		849918DE278B8C6D00992573 /* SDL_events.h */ = {isa = PBXFileReference; fileEncoding = 4; lastKnownFileType = sourcecode.c.h; path = SDL_events.h; sourceTree = "<group>"; };
		849918DF278B8C6D00992573 /* SDL_clipboard.h */ = {isa = PBXFileReference; fileEncoding = 4; lastKnownFileType = sourcecode.c.h; path = SDL_clipboard.h; sourceTree = "<group>"; };
		849918E0278B8C6D00992573 /* SDL_haptic.h */ = {isa = PBXFileReference; fileEncoding = 4; lastKnownFileType = sourcecode.c.h; path = SDL_haptic.h; sourceTree = "<group>"; };
		849918E1278B8C6D00992573 /* SDL_test.h */ = {isa = PBXFileReference; fileEncoding = 4; lastKnownFileType = sourcecode.c.h; path = SDL_test.h; sourceTree = "<group>"; };
		849918E2278B8C6D00992573 /* SDL_test_assert.h */ = {isa = PBXFileReference; fileEncoding = 4; lastKnownFileType = sourcecode.c.h; path = SDL_test_assert.h; sourceTree = "<group>"; };
		849918E3278B8C6D00992573 /* SDL_endian.h */ = {isa = PBXFileReference; fileEncoding = 4; lastKnownFileType = sourcecode.c.h; path = SDL_endian.h; sourceTree = "<group>"; };
		849918E4278B8C6D00992573 /* SDL_error.h */ = {isa = PBXFileReference; fileEncoding = 4; lastKnownFileType = sourcecode.c.h; path = SDL_error.h; sourceTree = "<group>"; };
		849918E5278B8C6D00992573 /* begin_code.h */ = {isa = PBXFileReference; fileEncoding = 4; lastKnownFileType = sourcecode.c.h; path = begin_code.h; sourceTree = "<group>"; };
		849918E6278B8C6D00992573 /* SDL_types.h */ = {isa = PBXFileReference; fileEncoding = 4; lastKnownFileType = sourcecode.c.h; path = SDL_types.h; sourceTree = "<group>"; };
		849918E7278B8C6D00992573 /* SDL_keycode.h */ = {isa = PBXFileReference; fileEncoding = 4; lastKnownFileType = sourcecode.c.h; path = SDL_keycode.h; sourceTree = "<group>"; };
		849918E8278B8C6D00992573 /* SDL_keyboard.h */ = {isa = PBXFileReference; fileEncoding = 4; lastKnownFileType = sourcecode.c.h; path = SDL_keyboard.h; sourceTree = "<group>"; };
		849918E9278B8C6D00992573 /* SDL_opengl_glext.h */ = {isa = PBXFileReference; fileEncoding = 4; lastKnownFileType = sourcecode.c.h; path = SDL_opengl_glext.h; sourceTree = "<group>"; };
		849918EA278B8C6D00992573 /* SDL_test_crc32.h */ = {isa = PBXFileReference; fileEncoding = 4; lastKnownFileType = sourcecode.c.h; path = SDL_test_crc32.h; sourceTree = "<group>"; };
		849918EB278B8C6D00992573 /* SDL_test_font.h */ = {isa = PBXFileReference; fileEncoding = 4; lastKnownFileType = sourcecode.c.h; path = SDL_test_font.h; sourceTree = "<group>"; };
		849918EC278B8C6D00992573 /* SDL_test_log.h */ = {isa = PBXFileReference; fileEncoding = 4; lastKnownFileType = sourcecode.c.h; path = SDL_test_log.h; sourceTree = "<group>"; };
		849918ED278B8C6D00992573 /* SDL_egl.h */ = {isa = PBXFileReference; fileEncoding = 4; lastKnownFileType = sourcecode.c.h; path = SDL_egl.h; sourceTree = "<group>"; };
		849918EE278B8C6D00992573 /* SDL_vulkan.h */ = {isa = PBXFileReference; fileEncoding = 4; lastKnownFileType = sourcecode.c.h; path = SDL_vulkan.h; sourceTree = "<group>"; };
		849918EF278B8C6D00992573 /* SDL_test_memory.h */ = {isa = PBXFileReference; fileEncoding = 4; lastKnownFileType = sourcecode.c.h; path = SDL_test_memory.h; sourceTree = "<group>"; };
		849918F0278B8C6D00992573 /* SDL_main.h */ = {isa = PBXFileReference; fileEncoding = 4; lastKnownFileType = sourcecode.c.h; path = SDL_main.h; sourceTree = "<group>"; };
		849918F1278B8C6D00992573 /* SDL_stdinc.h */ = {isa = PBXFileReference; fileEncoding = 4; lastKnownFileType = sourcecode.c.h; path = SDL_stdinc.h; sourceTree = "<group>"; };
		849918F2278B8C6D00992573 /* SDL_scancode.h */ = {isa = PBXFileReference; fileEncoding = 4; lastKnownFileType = sourcecode.c.h; path = SDL_scancode.h; sourceTree = "<group>"; };
		849918F3278B8C6D00992573 /* SDL_quit.h */ = {isa = PBXFileReference; fileEncoding = 4; lastKnownFileType = sourcecode.c.h; path = SDL_quit.h; sourceTree = "<group>"; };
		849918F4278B8C6D00992573 /* SDL_touch.h */ = {isa = PBXFileReference; fileEncoding = 4; lastKnownFileType = sourcecode.c.h; path = SDL_touch.h; sourceTree = "<group>"; };
		849918F5278B8C6D00992573 /* SDL_opengles2.h */ = {isa = PBXFileReference; fileEncoding = 4; lastKnownFileType = sourcecode.c.h; path = SDL_opengles2.h; sourceTree = "<group>"; };
		849918F6278B8C6D00992573 /* SDL_test_images.h */ = {isa = PBXFileReference; fileEncoding = 4; lastKnownFileType = sourcecode.c.h; path = SDL_test_images.h; sourceTree = "<group>"; };
		849918F7278B8C6D00992573 /* SDL_name.h */ = {isa = PBXFileReference; fileEncoding = 4; lastKnownFileType = sourcecode.c.h; path = SDL_name.h; sourceTree = "<group>"; };
		849918F8278B8C6D00992573 /* SDL_platform.h */ = {isa = PBXFileReference; fileEncoding = 4; lastKnownFileType = sourcecode.c.h; path = SDL_platform.h; sourceTree = "<group>"; };
		849918F9278B8C6D00992573 /* SDL_shape.h */ = {isa = PBXFileReference; fileEncoding = 4; lastKnownFileType = sourcecode.c.h; path = SDL_shape.h; sourceTree = "<group>"; };
		849918FA278B8C6D00992573 /* SDL_locale.h */ = {isa = PBXFileReference; fileEncoding = 4; lastKnownFileType = sourcecode.c.h; path = SDL_locale.h; sourceTree = "<group>"; };
		849918FB278B8C6D00992573 /* SDL_loadso.h */ = {isa = PBXFileReference; fileEncoding = 4; lastKnownFileType = sourcecode.c.h; path = SDL_loadso.h; sourceTree = "<group>"; };
		849918FC278B8C6D00992573 /* SDL_test_common.h */ = {isa = PBXFileReference; fileEncoding = 4; lastKnownFileType = sourcecode.c.h; path = SDL_test_common.h; sourceTree = "<group>"; };
		849918FD278B8C6D00992573 /* SDL_config.h */ = {isa = PBXFileReference; fileEncoding = 4; lastKnownFileType = sourcecode.c.h; path = SDL_config.h; sourceTree = "<group>"; };
		849918FE278B8C6D00992573 /* SDL_audio.h */ = {isa = PBXFileReference; fileEncoding = 4; lastKnownFileType = sourcecode.c.h; path = SDL_audio.h; sourceTree = "<group>"; };
		849918FF278B8C6D00992573 /* SDL_sensor.h */ = {isa = PBXFileReference; fileEncoding = 4; lastKnownFileType = sourcecode.c.h; path = SDL_sensor.h; sourceTree = "<group>"; };
		84991900278B8C6D00992573 /* SDL_opengl.h */ = {isa = PBXFileReference; fileEncoding = 4; lastKnownFileType = sourcecode.c.h; path = SDL_opengl.h; sourceTree = "<group>"; };
		84991901278B8C6D00992573 /* SDL_blendmode.h */ = {isa = PBXFileReference; fileEncoding = 4; lastKnownFileType = sourcecode.c.h; path = SDL_blendmode.h; sourceTree = "<group>"; };
		84991902278B8C6D00992573 /* SDL_gesture.h */ = {isa = PBXFileReference; fileEncoding = 4; lastKnownFileType = sourcecode.c.h; path = SDL_gesture.h; sourceTree = "<group>"; };
		84991903278B8C6D00992573 /* SDL_test_fuzzer.h */ = {isa = PBXFileReference; fileEncoding = 4; lastKnownFileType = sourcecode.c.h; path = SDL_test_fuzzer.h; sourceTree = "<group>"; };
		84991904278B8C6D00992573 /* SDL_opengles.h */ = {isa = PBXFileReference; fileEncoding = 4; lastKnownFileType = sourcecode.c.h; path = SDL_opengles.h; sourceTree = "<group>"; };
		84991905278B8C6D00992573 /* SDL_system.h */ = {isa = PBXFileReference; fileEncoding = 4; lastKnownFileType = sourcecode.c.h; path = SDL_system.h; sourceTree = "<group>"; };
		84991906278B8C6D00992573 /* SDL_hints.h */ = {isa = PBXFileReference; fileEncoding = 4; lastKnownFileType = sourcecode.c.h; path = SDL_hints.h; sourceTree = "<group>"; };
		84991907278B8C6D00992573 /* SDL_mouse.h */ = {isa = PBXFileReference; fileEncoding = 4; lastKnownFileType = sourcecode.c.h; path = SDL_mouse.h; sourceTree = "<group>"; };
		84991908278B8C6D00992573 /* SDL_timer.h */ = {isa = PBXFileReference; fileEncoding = 4; lastKnownFileType = sourcecode.c.h; path = SDL_timer.h; sourceTree = "<group>"; };
		84991909278B8C6D00992573 /* SDL_surface.h */ = {isa = PBXFileReference; fileEncoding = 4; lastKnownFileType = sourcecode.c.h; path = SDL_surface.h; sourceTree = "<group>"; };
		8499190A278B8C6D00992573 /* SDL_atomic.h */ = {isa = PBXFileReference; fileEncoding = 4; lastKnownFileType = sourcecode.c.h; path = SDL_atomic.h; sourceTree = "<group>"; };
		8499190B278B8C6D00992573 /* SDL_log.h */ = {isa = PBXFileReference; fileEncoding = 4; lastKnownFileType = sourcecode.c.h; path = SDL_log.h; sourceTree = "<group>"; };
		8499190C278B8C6D00992573 /* SDL_rwops.h */ = {isa = PBXFileReference; fileEncoding = 4; lastKnownFileType = sourcecode.c.h; path = SDL_rwops.h; sourceTree = "<group>"; };
		8499190D278B8C6D00992573 /* SDL_render.h */ = {isa = PBXFileReference; fileEncoding = 4; lastKnownFileType = sourcecode.c.h; path = SDL_render.h; sourceTree = "<group>"; };
		8499190E278B8C6D00992573 /* SDL_syswm.h */ = {isa = PBXFileReference; fileEncoding = 4; lastKnownFileType = sourcecode.c.h; path = SDL_syswm.h; sourceTree = "<group>"; };
		8499190F278B8C6D00992573 /* SDL_bits.h */ = {isa = PBXFileReference; fileEncoding = 4; lastKnownFileType = sourcecode.c.h; path = SDL_bits.h; sourceTree = "<group>"; };
		84991910278B8C6D00992573 /* SDL_video.h */ = {isa = PBXFileReference; fileEncoding = 4; lastKnownFileType = sourcecode.c.h; path = SDL_video.h; sourceTree = "<group>"; };
		84991911278B8C6D00992573 /* SDL_assert.h */ = {isa = PBXFileReference; fileEncoding = 4; lastKnownFileType = sourcecode.c.h; path = SDL_assert.h; sourceTree = "<group>"; };
		84991912278B8C6D00992573 /* SDL_version.h */ = {isa = PBXFileReference; fileEncoding = 4; lastKnownFileType = sourcecode.c.h; path = SDL_version.h; sourceTree = "<group>"; };
		84991913278B8C6D00992573 /* SDL_gamecontroller.h */ = {isa = PBXFileReference; fileEncoding = 4; lastKnownFileType = sourcecode.c.h; path = SDL_gamecontroller.h; sourceTree = "<group>"; };
		84991914278B8C6D00992573 /* SDL_thread.h */ = {isa = PBXFileReference; fileEncoding = 4; lastKnownFileType = sourcecode.c.h; path = SDL_thread.h; sourceTree = "<group>"; };
		84991915278B8C6D00992573 /* SDL_test_harness.h */ = {isa = PBXFileReference; fileEncoding = 4; lastKnownFileType = sourcecode.c.h; path = SDL_test_harness.h; sourceTree = "<group>"; };
		84991916278B8C6D00992573 /* SDL_rect.h */ = {isa = PBXFileReference; fileEncoding = 4; lastKnownFileType = sourcecode.c.h; path = SDL_rect.h; sourceTree = "<group>"; };
		84991917278B8C6D00992573 /* SDL_metal.h */ = {isa = PBXFileReference; fileEncoding = 4; lastKnownFileType = sourcecode.c.h; path = SDL_metal.h; sourceTree = "<group>"; };
		84991918278B8C6D00992573 /* SDL_mutex.h */ = {isa = PBXFileReference; fileEncoding = 4; lastKnownFileType = sourcecode.c.h; path = SDL_mutex.h; sourceTree = "<group>"; };
		84991919278B8C6D00992573 /* close_code.h */ = {isa = PBXFileReference; fileEncoding = 4; lastKnownFileType = sourcecode.c.h; path = close_code.h; sourceTree = "<group>"; };
		8499191A278B8C6D00992573 /* SDL_joystick.h */ = {isa = PBXFileReference; fileEncoding = 4; lastKnownFileType = sourcecode.c.h; path = SDL_joystick.h; sourceTree = "<group>"; };
		8499191B278B8C6D00992573 /* SDL.h */ = {isa = PBXFileReference; fileEncoding = 4; lastKnownFileType = sourcecode.c.h; path = SDL.h; sourceTree = "<group>"; };
		8499191C278B8C6D00992573 /* SDL_filesystem.h */ = {isa = PBXFileReference; fileEncoding = 4; lastKnownFileType = sourcecode.c.h; path = SDL_filesystem.h; sourceTree = "<group>"; };
		8499191D278B8C6D00992573 /* SDL_messagebox.h */ = {isa = PBXFileReference; fileEncoding = 4; lastKnownFileType = sourcecode.c.h; path = SDL_messagebox.h; sourceTree = "<group>"; };
		8499191E278B8C6D00992573 /* SDL_opengles2_gl2platform.h */ = {isa = PBXFileReference; fileEncoding = 4; lastKnownFileType = sourcecode.c.h; path = SDL_opengles2_gl2platform.h; sourceTree = "<group>"; };
		8499191F278B8C6D00992573 /* SDL_opengles2_khrplatform.h */ = {isa = PBXFileReference; fileEncoding = 4; lastKnownFileType = sourcecode.c.h; path = SDL_opengles2_khrplatform.h; sourceTree = "<group>"; };
		84991920278B8C6D00992573 /* SDL_test_md5.h */ = {isa = PBXFileReference; fileEncoding = 4; lastKnownFileType = sourcecode.c.h; path = SDL_test_md5.h; sourceTree = "<group>"; };
		84991921278B8C6D00992573 /* SDL_pixels.h */ = {isa = PBXFileReference; fileEncoding = 4; lastKnownFileType = sourcecode.c.h; path = SDL_pixels.h; sourceTree = "<group>"; };
		84991922278B8C6D00992573 /* SDL_image.h */ = {isa = PBXFileReference; fileEncoding = 4; lastKnownFileType = sourcecode.c.h; path = SDL_image.h; sourceTree = "<group>"; };
		84991923278B8C6D00992573 /* SDL_cpuinfo.h */ = {isa = PBXFileReference; fileEncoding = 4; lastKnownFileType = sourcecode.c.h; path = SDL_cpuinfo.h; sourceTree = "<group>"; };
		84991924278B8C6D00992573 /* SDL_test_compare.h */ = {isa = PBXFileReference; fileEncoding = 4; lastKnownFileType = sourcecode.c.h; path = SDL_test_compare.h; sourceTree = "<group>"; };
		84991925278B8C6D00992573 /* SDL_opengles2_gl2.h */ = {isa = PBXFileReference; fileEncoding = 4; lastKnownFileType = sourcecode.c.h; path = SDL_opengles2_gl2.h; sourceTree = "<group>"; };
		84991926278B966700992573 /* Arkalite.lib */ = {isa = PBXFileReference; lastKnownFileType = file; name = Arkalite.lib; path = ../Arkalite.lib; sourceTree = "<group>"; };
		84991928278B9A9F00992573 /* 48face5.png */ = {isa = PBXFileReference; lastKnownFileType = image.png; name = 48face5.png; path = emutest2/48face5.png; sourceTree = "<group>"; };
		84E487F3278DC8DB00A14456 /* SDL_ttf.h */ = {isa = PBXFileReference; fileEncoding = 4; lastKnownFileType = sourcecode.c.h; path = SDL_ttf.h; sourceTree = "<group>"; };
		84E487F7278DCBA300A14456 /* libSDL2_ttf-2.0.0.dylib */ = {isa = PBXFileReference; lastKnownFileType = "compiled.mach-o.dylib"; name = "libSDL2_ttf-2.0.0.dylib"; path = "SDL/lib/libSDL2_ttf-2.0.0.dylib"; sourceTree = "<group>"; };
		84E487F8278DCBA300A14456 /* libSDL2_ttf.a */ = {isa = PBXFileReference; lastKnownFileType = archive.ar; name = libSDL2_ttf.a; path = SDL/lib/libSDL2_ttf.a; sourceTree = "<group>"; };
		84E487F9278DCBA300A14456 /* libSDL2_ttf.dylib */ = {isa = PBXFileReference; lastKnownFileType = "compiled.mach-o.dylib"; name = libSDL2_ttf.dylib; path = SDL/lib/libSDL2_ttf.dylib; sourceTree = "<group>"; };
		F938601220238CBE00CE7020 /* zeldahp.dir */ = {isa = PBXFileReference; lastKnownFileType = file; name = zeldahp.dir; path = ../zeldahp.dir; sourceTree = "<group>"; };
		F9386016202470E400CE7020 /* FreeSans.ttf */ = {isa = PBXFileReference; lastKnownFileType = file; name = FreeSans.ttf; path = ../src/FreeSans.ttf; sourceTree = "<group>"; };
		F93C5A36202484C300F7BCDD /* readme.txt */ = {isa = PBXFileReference; fileEncoding = 4; lastKnownFileType = text; name = readme.txt; path = ../readme.txt; sourceTree = "<group>"; };
		F945D52920260C1900909E91 /* 48face4.png */ = {isa = PBXFileReference; lastKnownFileType = image.png; name = 48face4.png; path = emutest2/48face4.png; sourceTree = "<group>"; };
		F9E490FB201BEA5C00355128 /* emutest2.app */ = {isa = PBXFileReference; explicitFileType = wrapper.application; includeInIndex = 0; path = emutest2.app; sourceTree = BUILT_PRODUCTS_DIR; };
		F9E490FE201BEA5C00355128 /* AppDelegate.h */ = {isa = PBXFileReference; lastKnownFileType = sourcecode.c.h; path = AppDelegate.h; sourceTree = "<group>"; };
		F9E490FF201BEA5C00355128 /* AppDelegate.m */ = {isa = PBXFileReference; lastKnownFileType = sourcecode.c.objc; path = AppDelegate.m; sourceTree = "<group>"; };
		F9E49101201BEA5C00355128 /* Assets.xcassets */ = {isa = PBXFileReference; lastKnownFileType = folder.assetcatalog; path = Assets.xcassets; sourceTree = "<group>"; };
		F9E49104201BEA5C00355128 /* Base */ = {isa = PBXFileReference; lastKnownFileType = file.xib; name = Base; path = Base.lproj/MainMenu.xib; sourceTree = "<group>"; };
		F9E49106201BEA5C00355128 /* Info.plist */ = {isa = PBXFileReference; lastKnownFileType = text.plist.xml; path = Info.plist; sourceTree = "<group>"; };
		F9E49107201BEA5C00355128 /* main1.m */ = {isa = PBXFileReference; lastKnownFileType = sourcecode.c.objc; path = main1.m; sourceTree = "<group>"; };
		F9E49109201BEA5C00355128 /* emutest2.entitlements */ = {isa = PBXFileReference; lastKnownFileType = text.plist.entitlements; path = emutest2.entitlements; sourceTree = "<group>"; };
		F9E49110201BEA8100355128 /* bus.c */ = {isa = PBXFileReference; fileEncoding = 4; lastKnownFileType = sourcecode.c.c; path = bus.c; sourceTree = "<group>"; };
		F9E49111201BEA8100355128 /* bus.h */ = {isa = PBXFileReference; fileEncoding = 4; lastKnownFileType = sourcecode.c.h; path = bus.h; sourceTree = "<group>"; };
		F9E49112201BEA8100355128 /* color.c */ = {isa = PBXFileReference; fileEncoding = 4; lastKnownFileType = sourcecode.c.c; path = color.c; sourceTree = "<group>"; };
		F9E49113201BEA8100355128 /* color.h */ = {isa = PBXFileReference; fileEncoding = 4; lastKnownFileType = sourcecode.c.h; path = color.h; sourceTree = "<group>"; };
		F9E49114201BEA8100355128 /* cpu.c */ = {isa = PBXFileReference; fileEncoding = 4; lastKnownFileType = sourcecode.c.c; path = cpu.c; sourceTree = "<group>"; };
		F9E49115201BEA8100355128 /* cpu.h */ = {isa = PBXFileReference; fileEncoding = 4; lastKnownFileType = sourcecode.c.h; path = cpu.h; sourceTree = "<group>"; };
		F9E49116201BEA8100355128 /* disasm.c */ = {isa = PBXFileReference; fileEncoding = 4; lastKnownFileType = sourcecode.c.c; path = disasm.c; sourceTree = "<group>"; };
		F9E49117201BEA8100355128 /* disasm.h */ = {isa = PBXFileReference; fileEncoding = 4; lastKnownFileType = sourcecode.c.h; path = disasm.h; sourceTree = "<group>"; };
		F9E49118201BEA8100355128 /* display.c */ = {isa = PBXFileReference; fileEncoding = 4; lastKnownFileType = sourcecode.c.c; path = display.c; sourceTree = "<group>"; };
		F9E49119201BEA8100355128 /* display.h */ = {isa = PBXFileReference; fileEncoding = 4; lastKnownFileType = sourcecode.c.h; path = display.h; sourceTree = "<group>"; };
		F9E4911A201BEA8100355128 /* emulator.c */ = {isa = PBXFileReference; fileEncoding = 4; lastKnownFileType = sourcecode.c.c; path = emulator.c; sourceTree = "<group>"; };
		F9E4911B201BEA8100355128 /* emulator.h */ = {isa = PBXFileReference; fileEncoding = 4; lastKnownFileType = sourcecode.c.h; path = emulator.h; sourceTree = "<group>"; };
		F9E4911C201BEA8100355128 /* gui.c */ = {isa = PBXFileReference; fileEncoding = 4; lastKnownFileType = sourcecode.c.c; path = gui.c; sourceTree = "<group>"; };
		F9E4911D201BEA8100355128 /* gui.h */ = {isa = PBXFileReference; fileEncoding = 4; lastKnownFileType = sourcecode.c.h; path = gui.h; sourceTree = "<group>"; };
		F9E4911E201BEA8100355128 /* hdw.c */ = {isa = PBXFileReference; fileEncoding = 4; lastKnownFileType = sourcecode.c.c; path = hdw.c; sourceTree = "<group>"; };
		F9E4911F201BEA8100355128 /* hdw.h */ = {isa = PBXFileReference; fileEncoding = 4; lastKnownFileType = sourcecode.c.h; path = hdw.h; sourceTree = "<group>"; };
		F9E49120201BEA8100355128 /* keyboard.c */ = {isa = PBXFileReference; fileEncoding = 4; lastKnownFileType = sourcecode.c.c; path = keyboard.c; sourceTree = "<group>"; };
		F9E49121201BEA8100355128 /* keyboard.h */ = {isa = PBXFileReference; fileEncoding = 4; lastKnownFileType = sourcecode.c.h; path = keyboard.h; sourceTree = "<group>"; };
		F9E49122201BEA8100355128 /* main.c */ = {isa = PBXFileReference; fileEncoding = 4; lastKnownFileType = sourcecode.c.c; path = main.c; sourceTree = "<group>"; };
		F9E49123201BEA8100355128 /* opcodes.c */ = {isa = PBXFileReference; fileEncoding = 4; lastKnownFileType = sourcecode.c.c; path = opcodes.c; sourceTree = "<group>"; };
		F9E49124201BEA8100355128 /* opcodes.h */ = {isa = PBXFileReference; fileEncoding = 4; lastKnownFileType = sourcecode.c.h; path = opcodes.h; sourceTree = "<group>"; };
		F9E49125201BEA8100355128 /* opinline.h */ = {isa = PBXFileReference; fileEncoding = 4; lastKnownFileType = sourcecode.c.h; path = opinline.h; sourceTree = "<group>"; };
		F9E49126201BEA8100355128 /* pabout.c */ = {isa = PBXFileReference; fileEncoding = 4; lastKnownFileType = sourcecode.c.c; path = pabout.c; sourceTree = "<group>"; };
		F9E49127201BEA8100355128 /* pabout.h */ = {isa = PBXFileReference; fileEncoding = 4; lastKnownFileType = sourcecode.c.h; path = pabout.h; sourceTree = "<group>"; };
		F9E49128201BEA8100355128 /* pcalc.c */ = {isa = PBXFileReference; fileEncoding = 4; lastKnownFileType = sourcecode.c.c; path = pcalc.c; sourceTree = "<group>"; };
		F9E49129201BEA8100355128 /* pcalc.h */ = {isa = PBXFileReference; fileEncoding = 4; lastKnownFileType = sourcecode.c.h; path = pcalc.h; sourceTree = "<group>"; };
		F9E4912A201BEA8100355128 /* pdebug.c */ = {isa = PBXFileReference; fileEncoding = 4; lastKnownFileType = sourcecode.c.c; path = pdebug.c; sourceTree = "<group>"; };
		F9E4912B201BEA8100355128 /* pdebug.h */ = {isa = PBXFileReference; fileEncoding = 4; lastKnownFileType = sourcecode.c.h; path = pdebug.h; sourceTree = "<group>"; };
		F9E4912C201BEA8100355128 /* pfiles.c */ = {isa = PBXFileReference; fileEncoding = 4; lastKnownFileType = sourcecode.c.c; path = pfiles.c; sourceTree = "<group>"; };
		F9E4912D201BEA8100355128 /* pfiles.h */ = {isa = PBXFileReference; fileEncoding = 4; lastKnownFileType = sourcecode.c.h; path = pfiles.h; sourceTree = "<group>"; };
		F9E4912E201BEA8100355128 /* pmenu.c */ = {isa = PBXFileReference; fileEncoding = 4; lastKnownFileType = sourcecode.c.c; path = pmenu.c; sourceTree = "<group>"; };
		F9E4912F201BEA8100355128 /* pmenu.h */ = {isa = PBXFileReference; fileEncoding = 4; lastKnownFileType = sourcecode.c.h; path = pmenu.h; sourceTree = "<group>"; };
		F9E49130201BEA8100355128 /* ports.c */ = {isa = PBXFileReference; fileEncoding = 4; lastKnownFileType = sourcecode.c.c; path = ports.c; sourceTree = "<group>"; };
		F9E49131201BEA8100355128 /* ports.h */ = {isa = PBXFileReference; fileEncoding = 4; lastKnownFileType = sourcecode.c.h; path = ports.h; sourceTree = "<group>"; };
		F9E49132201BEA8100355128 /* ram.c */ = {isa = PBXFileReference; fileEncoding = 4; lastKnownFileType = sourcecode.c.c; path = ram.c; sourceTree = "<group>"; };
		F9E49133201BEA8100355128 /* ram.h */ = {isa = PBXFileReference; fileEncoding = 4; lastKnownFileType = sourcecode.c.h; path = ram.h; sourceTree = "<group>"; };
		F9E49134201BEA8100355128 /* rom.c */ = {isa = PBXFileReference; fileEncoding = 4; lastKnownFileType = sourcecode.c.c; path = rom.c; sourceTree = "<group>"; };
		F9E49135201BEA8100355128 /* rom.h */ = {isa = PBXFileReference; fileEncoding = 4; lastKnownFileType = sourcecode.c.h; path = rom.h; sourceTree = "<group>"; };
		F9E49136201BEA8100355128 /* rpl.c */ = {isa = PBXFileReference; fileEncoding = 4; lastKnownFileType = sourcecode.c.c; path = rpl.c; sourceTree = "<group>"; };
		F9E49137201BEA8100355128 /* rpl.h */ = {isa = PBXFileReference; fileEncoding = 4; lastKnownFileType = sourcecode.c.h; path = rpl.h; sourceTree = "<group>"; };
		F9E49138201BEA8100355128 /* timers.c */ = {isa = PBXFileReference; fileEncoding = 4; lastKnownFileType = sourcecode.c.c; path = timers.c; sourceTree = "<group>"; };
		F9E49139201BEA8100355128 /* timers.h */ = {isa = PBXFileReference; fileEncoding = 4; lastKnownFileType = sourcecode.c.h; path = timers.h; sourceTree = "<group>"; };
		F9E4913A201BEA8100355128 /* types.h */ = {isa = PBXFileReference; fileEncoding = 4; lastKnownFileType = sourcecode.c.h; path = types.h; sourceTree = "<group>"; };
		F9E49150201BF5B200355128 /* hpemu.rom */ = {isa = PBXFileReference; lastKnownFileType = file; name = hpemu.rom; path = ../hpemu.rom; sourceTree = "<group>"; };
		F9E49153201BF6DA00355128 /* CoreFoundation.framework */ = {isa = PBXFileReference; lastKnownFileType = wrapper.framework; name = CoreFoundation.framework; path = System/Library/Frameworks/CoreFoundation.framework; sourceTree = SDKROOT; };
/* End PBXFileReference section */

/* Begin PBXFrameworksBuildPhase section */
		F9E490F8201BEA5C00355128 /* Frameworks */ = {
			isa = PBXFrameworksBuildPhase;
			buildActionMask = 2147483647;
			files = (
				849918D2278B8C6400992573 /* libSDL2_image-2.0.0.dylib in Frameworks */,
				849918D0278B8C6400992573 /* libSDL2.a in Frameworks */,
				849918D6278B8C6400992573 /* libSDL2-2.0.0.dylib in Frameworks */,
				849918D5278B8C6400992573 /* libSDL2.dylib in Frameworks */,
				F9E49154201BF6DA00355128 /* CoreFoundation.framework in Frameworks */,
				84E487FC278DCBA300A14456 /* libSDL2_ttf.dylib in Frameworks */,
				84E487FB278DCBA300A14456 /* libSDL2_ttf.a in Frameworks */,
				849918D1278B8C6400992573 /* libSDL2_test.a in Frameworks */,
				84E487FA278DCBA300A14456 /* libSDL2_ttf-2.0.0.dylib in Frameworks */,
				849918C6278B8BAC00992573 /* CoreAudio.framework in Frameworks */,
				849918D4278B8C6400992573 /* libSDL2main.a in Frameworks */,
				849918CF278B8C6400992573 /* libSDL2_image.a in Frameworks */,
				849918D3278B8C6400992573 /* libSDL2_image.dylib in Frameworks */,
			);
			runOnlyForDeploymentPostprocessing = 0;
		};
/* End PBXFrameworksBuildPhase section */

/* Begin PBXGroup section */
		849918D7278B8C6D00992573 /* include */ = {
			isa = PBXGroup;
			children = (
				849918D8278B8C6D00992573 /* SDL2 */,
			);
			name = include;
			path = emutest2/include;
			sourceTree = SOURCE_ROOT;
		};
		849918D8278B8C6D00992573 /* SDL2 */ = {
			isa = PBXGroup;
			children = (
				849918D9278B8C6D00992573 /* SDL_misc.h */,
				849918DA278B8C6D00992573 /* SDL_opengles2_gl2ext.h */,
				849918DB278B8C6D00992573 /* SDL_test_random.h */,
				849918DC278B8C6D00992573 /* SDL_power.h */,
				849918DD278B8C6D00992573 /* SDL_revision.h */,
				849918DE278B8C6D00992573 /* SDL_events.h */,
				849918DF278B8C6D00992573 /* SDL_clipboard.h */,
				849918E0278B8C6D00992573 /* SDL_haptic.h */,
				849918E1278B8C6D00992573 /* SDL_test.h */,
				849918E2278B8C6D00992573 /* SDL_test_assert.h */,
				849918E3278B8C6D00992573 /* SDL_endian.h */,
				849918E4278B8C6D00992573 /* SDL_error.h */,
				849918E5278B8C6D00992573 /* begin_code.h */,
				84E487F3278DC8DB00A14456 /* SDL_ttf.h */,
				849918E6278B8C6D00992573 /* SDL_types.h */,
				849918E7278B8C6D00992573 /* SDL_keycode.h */,
				849918E8278B8C6D00992573 /* SDL_keyboard.h */,
				849918E9278B8C6D00992573 /* SDL_opengl_glext.h */,
				849918EA278B8C6D00992573 /* SDL_test_crc32.h */,
				849918EB278B8C6D00992573 /* SDL_test_font.h */,
				849918EC278B8C6D00992573 /* SDL_test_log.h */,
				849918ED278B8C6D00992573 /* SDL_egl.h */,
				849918EE278B8C6D00992573 /* SDL_vulkan.h */,
				849918EF278B8C6D00992573 /* SDL_test_memory.h */,
				849918F0278B8C6D00992573 /* SDL_main.h */,
				849918F1278B8C6D00992573 /* SDL_stdinc.h */,
				849918F2278B8C6D00992573 /* SDL_scancode.h */,
				849918F3278B8C6D00992573 /* SDL_quit.h */,
				849918F4278B8C6D00992573 /* SDL_touch.h */,
				849918F5278B8C6D00992573 /* SDL_opengles2.h */,
				849918F6278B8C6D00992573 /* SDL_test_images.h */,
				849918F7278B8C6D00992573 /* SDL_name.h */,
				849918F8278B8C6D00992573 /* SDL_platform.h */,
				849918F9278B8C6D00992573 /* SDL_shape.h */,
				849918FA278B8C6D00992573 /* SDL_locale.h */,
				849918FB278B8C6D00992573 /* SDL_loadso.h */,
				849918FC278B8C6D00992573 /* SDL_test_common.h */,
				849918FD278B8C6D00992573 /* SDL_config.h */,
				849918FE278B8C6D00992573 /* SDL_audio.h */,
				849918FF278B8C6D00992573 /* SDL_sensor.h */,
				84991900278B8C6D00992573 /* SDL_opengl.h */,
				84991901278B8C6D00992573 /* SDL_blendmode.h */,
				84991902278B8C6D00992573 /* SDL_gesture.h */,
				84991903278B8C6D00992573 /* SDL_test_fuzzer.h */,
				84991904278B8C6D00992573 /* SDL_opengles.h */,
				84991905278B8C6D00992573 /* SDL_system.h */,
				84991906278B8C6D00992573 /* SDL_hints.h */,
				84991907278B8C6D00992573 /* SDL_mouse.h */,
				84991908278B8C6D00992573 /* SDL_timer.h */,
				84991909278B8C6D00992573 /* SDL_surface.h */,
				8499190A278B8C6D00992573 /* SDL_atomic.h */,
				8499190B278B8C6D00992573 /* SDL_log.h */,
				8499190C278B8C6D00992573 /* SDL_rwops.h */,
				8499190D278B8C6D00992573 /* SDL_render.h */,
				8499190E278B8C6D00992573 /* SDL_syswm.h */,
				8499190F278B8C6D00992573 /* SDL_bits.h */,
				84991910278B8C6D00992573 /* SDL_video.h */,
				84991911278B8C6D00992573 /* SDL_assert.h */,
				84991912278B8C6D00992573 /* SDL_version.h */,
				84991913278B8C6D00992573 /* SDL_gamecontroller.h */,
				84991914278B8C6D00992573 /* SDL_thread.h */,
				84991915278B8C6D00992573 /* SDL_test_harness.h */,
				84991916278B8C6D00992573 /* SDL_rect.h */,
				84991917278B8C6D00992573 /* SDL_metal.h */,
				84991918278B8C6D00992573 /* SDL_mutex.h */,
				84991919278B8C6D00992573 /* close_code.h */,
				8499191A278B8C6D00992573 /* SDL_joystick.h */,
				8499191B278B8C6D00992573 /* SDL.h */,
				8499191C278B8C6D00992573 /* SDL_filesystem.h */,
				8499191D278B8C6D00992573 /* SDL_messagebox.h */,
				8499191E278B8C6D00992573 /* SDL_opengles2_gl2platform.h */,
				8499191F278B8C6D00992573 /* SDL_opengles2_khrplatform.h */,
				84991920278B8C6D00992573 /* SDL_test_md5.h */,
				84991921278B8C6D00992573 /* SDL_pixels.h */,
				84991922278B8C6D00992573 /* SDL_image.h */,
				84991923278B8C6D00992573 /* SDL_cpuinfo.h */,
				84991924278B8C6D00992573 /* SDL_test_compare.h */,
				84991925278B8C6D00992573 /* SDL_opengles2_gl2.h */,
			);
			path = SDL2;
			sourceTree = "<group>";
		};
		F9E490F2201BEA5C00355128 = {
			isa = PBXGroup;
			children = (
				F93C5A36202484C300F7BCDD /* readme.txt */,
				F9386016202470E400CE7020 /* FreeSans.ttf */,
				F9E49150201BF5B200355128 /* hpemu.rom */,
				F938601220238CBE00CE7020 /* zeldahp.dir */,
				84991926278B966700992573 /* Arkalite.lib */,
				F945D52920260C1900909E91 /* 48face4.png */,
				84991928278B9A9F00992573 /* 48face5.png */,
				F9E490FD201BEA5C00355128 /* emutest2 */,
				F9E490FC201BEA5C00355128 /* Products */,
				F9E49152201BF6D900355128 /* Frameworks */,
			);
			sourceTree = "<group>";
		};
		F9E490FC201BEA5C00355128 /* Products */ = {
			isa = PBXGroup;
			children = (
				F9E490FB201BEA5C00355128 /* emutest2.app */,
			);
			name = Products;
			sourceTree = "<group>";
		};
		F9E490FD201BEA5C00355128 /* emutest2 */ = {
			isa = PBXGroup;
			children = (
				849918D7278B8C6D00992573 /* include */,
				F9E4910F201BEA8100355128 /* src */,
				F9E490FE201BEA5C00355128 /* AppDelegate.h */,
				F9E490FF201BEA5C00355128 /* AppDelegate.m */,
				F9E49101201BEA5C00355128 /* Assets.xcassets */,
				F9E49103201BEA5C00355128 /* MainMenu.xib */,
				F9E49106201BEA5C00355128 /* Info.plist */,
				F9E49107201BEA5C00355128 /* main1.m */,
				F9E49109201BEA5C00355128 /* emutest2.entitlements */,
			);
			path = emutest2;
			sourceTree = "<group>";
		};
		F9E4910F201BEA8100355128 /* src */ = {
			isa = PBXGroup;
			children = (
				F9E49122201BEA8100355128 /* main.c */,
				F9E49110201BEA8100355128 /* bus.c */,
				F9E49111201BEA8100355128 /* bus.h */,
				F9E49112201BEA8100355128 /* color.c */,
				F9E49113201BEA8100355128 /* color.h */,
				F9E49114201BEA8100355128 /* cpu.c */,
				F9E49115201BEA8100355128 /* cpu.h */,
				F9E49116201BEA8100355128 /* disasm.c */,
				F9E49117201BEA8100355128 /* disasm.h */,
				F9E49118201BEA8100355128 /* display.c */,
				F9E49119201BEA8100355128 /* display.h */,
				F9E4911A201BEA8100355128 /* emulator.c */,
				F9E4911B201BEA8100355128 /* emulator.h */,
				F9E4911C201BEA8100355128 /* gui.c */,
				F9E4911D201BEA8100355128 /* gui.h */,
				F9E4911E201BEA8100355128 /* hdw.c */,
				F9E4911F201BEA8100355128 /* hdw.h */,
				F9E49120201BEA8100355128 /* keyboard.c */,
				F9E49121201BEA8100355128 /* keyboard.h */,
				F9E49123201BEA8100355128 /* opcodes.c */,
				F9E49124201BEA8100355128 /* opcodes.h */,
				F9E49125201BEA8100355128 /* opinline.h */,
				F9E49126201BEA8100355128 /* pabout.c */,
				F9E49127201BEA8100355128 /* pabout.h */,
				F9E49128201BEA8100355128 /* pcalc.c */,
				F9E49129201BEA8100355128 /* pcalc.h */,
				F9E4912A201BEA8100355128 /* pdebug.c */,
				F9E4912B201BEA8100355128 /* pdebug.h */,
				F9E4912C201BEA8100355128 /* pfiles.c */,
				F9E4912D201BEA8100355128 /* pfiles.h */,
				F9E4912E201BEA8100355128 /* pmenu.c */,
				F9E4912F201BEA8100355128 /* pmenu.h */,
				F9E49130201BEA8100355128 /* ports.c */,
				F9E49131201BEA8100355128 /* ports.h */,
				F9E49132201BEA8100355128 /* ram.c */,
				F9E49133201BEA8100355128 /* ram.h */,
				F9E49134201BEA8100355128 /* rom.c */,
				F9E49135201BEA8100355128 /* rom.h */,
				F9E49136201BEA8100355128 /* rpl.c */,
				F9E49137201BEA8100355128 /* rpl.h */,
				F9E49138201BEA8100355128 /* timers.c */,
				F9E49139201BEA8100355128 /* timers.h */,
				F9E4913A201BEA8100355128 /* types.h */,
			);
			name = src;
			path = ../../src;
			sourceTree = "<group>";
		};
		F9E49152201BF6D900355128 /* Frameworks */ = {
			isa = PBXGroup;
			children = (
				849918C5278B8BAC00992573 /* CoreAudio.framework */,
				F9E49153201BF6DA00355128 /* CoreFoundation.framework */,
				84E487F7278DCBA300A14456 /* libSDL2_ttf-2.0.0.dylib */,
				84E487F8278DCBA300A14456 /* libSDL2_ttf.a */,
				84E487F9278DCBA300A14456 /* libSDL2_ttf.dylib */,
				849918CA278B8C6400992573 /* libSDL2_image-2.0.0.dylib */,
				849918C7278B8C6400992573 /* libSDL2_image.a */,
				849918CB278B8C6400992573 /* libSDL2_image.dylib */,
				849918C9278B8C6400992573 /* libSDL2_test.a */,
				849918CE278B8C6400992573 /* libSDL2-2.0.0.dylib */,
				849918C8278B8C6400992573 /* libSDL2.a */,
				849918CD278B8C6400992573 /* libSDL2.dylib */,
				849918CC278B8C6400992573 /* libSDL2main.a */,
			);
			name = Frameworks;
			sourceTree = "<group>";
		};
/* End PBXGroup section */

/* Begin PBXNativeTarget section */
		F9E490FA201BEA5C00355128 /* emutest2 */ = {
			isa = PBXNativeTarget;
			buildConfigurationList = F9E4910C201BEA5C00355128 /* Build configuration list for PBXNativeTarget "emutest2" */;
			buildPhases = (
				F9E490F7201BEA5C00355128 /* Sources */,
				F9E490F8201BEA5C00355128 /* Frameworks */,
				F9E490F9201BEA5C00355128 /* Resources */,
			);
			buildRules = (
			);
			dependencies = (
			);
			name = emutest2;
			productName = emutest2;
			productReference = F9E490FB201BEA5C00355128 /* emutest2.app */;
			productType = "com.apple.product-type.application";
		};
/* End PBXNativeTarget section */

/* Begin PBXProject section */
		F9E490F3201BEA5C00355128 /* Project object */ = {
			isa = PBXProject;
			attributes = {
				LastUpgradeCheck = 1320;
				ORGANIZATIONNAME = jadegame.com;
				TargetAttributes = {
					F9E490FA201BEA5C00355128 = {
						CreatedOnToolsVersion = 9.2;
						ProvisioningStyle = Automatic;
					};
				};
			};
			buildConfigurationList = F9E490F6201BEA5C00355128 /* Build configuration list for PBXProject "emutest2" */;
			compatibilityVersion = "Xcode 8.0";
			developmentRegion = en;
			hasScannedForEncodings = 0;
			knownRegions = (
				en,
				Base,
			);
			mainGroup = F9E490F2201BEA5C00355128;
			productRefGroup = F9E490FC201BEA5C00355128 /* Products */;
			projectDirPath = "";
			projectRoot = "";
			targets = (
				F9E490FA201BEA5C00355128 /* emutest2 */,
			);
		};
/* End PBXProject section */

/* Begin PBXResourcesBuildPhase section */
		F9E490F9201BEA5C00355128 /* Resources */ = {
			isa = PBXResourcesBuildPhase;
			buildActionMask = 2147483647;
			files = (
				84991927278B96A100992573 /* Arkalite.lib in Resources */,
				F938601320238D1400CE7020 /* zeldahp.dir in Resources */,
				F945D52A20260C1900909E91 /* 48face4.png in Resources */,
				F9386017202470E400CE7020 /* FreeSans.ttf in Resources */,
				F9E49102201BEA5C00355128 /* Assets.xcassets in Resources */,
				F9E49151201BF5B200355128 /* hpemu.rom in Resources */,
				84991929278B9A9F00992573 /* 48face5.png in Resources */,
				F9E49105201BEA5C00355128 /* MainMenu.xib in Resources */,
			);
			runOnlyForDeploymentPostprocessing = 0;
		};
/* End PBXResourcesBuildPhase section */

/* Begin PBXSourcesBuildPhase section */
		F9E490F7201BEA5C00355128 /* Sources */ = {
			isa = PBXSourcesBuildPhase;
			buildActionMask = 2147483647;
			files = (
				F9E4914F201BEA8100355128 /* timers.c in Sources */,
				F9E4914E201BEA8100355128 /* rpl.c in Sources */,
				F9E49148201BEA8100355128 /* pdebug.c in Sources */,
				F9E49141201BEA8100355128 /* gui.c in Sources */,
				F9E4913F201BEA8100355128 /* display.c in Sources */,
				F9E49146201BEA8100355128 /* pabout.c in Sources */,
				F9E4913B201BEA8100355128 /* bus.c in Sources */,
				F9E49142201BEA8100355128 /* hdw.c in Sources */,
				F9E4914C201BEA8100355128 /* ram.c in Sources */,
				F9E49108201BEA5C00355128 /* main1.m in Sources */,
				F9E49147201BEA8100355128 /* pcalc.c in Sources */,
				F9E4914D201BEA8100355128 /* rom.c in Sources */,
				F9E4913E201BEA8100355128 /* disasm.c in Sources */,
				F9E49140201BEA8100355128 /* emulator.c in Sources */,
				F9E4913D201BEA8100355128 /* cpu.c in Sources */,
				F9E49149201BEA8100355128 /* pfiles.c in Sources */,
				F9E49145201BEA8100355128 /* opcodes.c in Sources */,
				F9E49144201BEA8100355128 /* main.c in Sources */,
				F9E4914B201BEA8100355128 /* ports.c in Sources */,
				F9E49143201BEA8100355128 /* keyboard.c in Sources */,
				F9E4914A201BEA8100355128 /* pmenu.c in Sources */,
				F9E49100201BEA5C00355128 /* AppDelegate.m in Sources */,
				F9E4913C201BEA8100355128 /* color.c in Sources */,
			);
			runOnlyForDeploymentPostprocessing = 0;
		};
/* End PBXSourcesBuildPhase section */

/* Begin PBXVariantGroup section */
		F9E49103201BEA5C00355128 /* MainMenu.xib */ = {
			isa = PBXVariantGroup;
			children = (
				F9E49104201BEA5C00355128 /* Base */,
			);
			name = MainMenu.xib;
			sourceTree = "<group>";
		};
/* End PBXVariantGroup section */

/* Begin XCBuildConfiguration section */
		F9E4910A201BEA5C00355128 /* Debug */ = {
			isa = XCBuildConfiguration;
			buildSettings = {
				ALWAYS_SEARCH_USER_PATHS = NO;
				CLANG_ANALYZER_NONNULL = YES;
				CLANG_ANALYZER_NUMBER_OBJECT_CONVERSION = YES_AGGRESSIVE;
				CLANG_CXX_LANGUAGE_STANDARD = "gnu++14";
				CLANG_CXX_LIBRARY = "libc++";
				CLANG_ENABLE_MODULES = YES;
				CLANG_ENABLE_OBJC_ARC = YES;
				CLANG_WARN_BLOCK_CAPTURE_AUTORELEASING = YES;
				CLANG_WARN_BOOL_CONVERSION = YES;
				CLANG_WARN_COMMA = YES;
				CLANG_WARN_CONSTANT_CONVERSION = YES;
				CLANG_WARN_DEPRECATED_OBJC_IMPLEMENTATIONS = YES;
				CLANG_WARN_DIRECT_OBJC_ISA_USAGE = YES_ERROR;
				CLANG_WARN_DOCUMENTATION_COMMENTS = YES;
				CLANG_WARN_EMPTY_BODY = YES;
				CLANG_WARN_ENUM_CONVERSION = YES;
				CLANG_WARN_INFINITE_RECURSION = YES;
				CLANG_WARN_INT_CONVERSION = YES;
				CLANG_WARN_NON_LITERAL_NULL_CONVERSION = YES;
				CLANG_WARN_OBJC_IMPLICIT_RETAIN_SELF = YES;
				CLANG_WARN_OBJC_LITERAL_CONVERSION = YES;
				CLANG_WARN_OBJC_ROOT_CLASS = YES_ERROR;
				CLANG_WARN_QUOTED_INCLUDE_IN_FRAMEWORK_HEADER = YES;
				CLANG_WARN_RANGE_LOOP_ANALYSIS = YES;
				CLANG_WARN_STRICT_PROTOTYPES = YES;
				CLANG_WARN_SUSPICIOUS_MOVE = YES;
				CLANG_WARN_UNGUARDED_AVAILABILITY = YES_AGGRESSIVE;
				CLANG_WARN_UNREACHABLE_CODE = YES;
				CLANG_WARN__DUPLICATE_METHOD_MATCH = YES;
				CODE_SIGN_IDENTITY = "Mac Developer";
				COPY_PHASE_STRIP = NO;
				DEBUG_INFORMATION_FORMAT = dwarf;
				ENABLE_STRICT_OBJC_MSGSEND = YES;
				ENABLE_TESTABILITY = YES;
				GCC_C_LANGUAGE_STANDARD = gnu11;
				GCC_DYNAMIC_NO_PIC = NO;
				GCC_NO_COMMON_BLOCKS = YES;
				GCC_OPTIMIZATION_LEVEL = 0;
				GCC_PREPROCESSOR_DEFINITIONS = (
					"DEBUG=1",
					"$(inherited)",
				);
				GCC_WARN_64_TO_32_BIT_CONVERSION = YES;
				GCC_WARN_ABOUT_RETURN_TYPE = YES_ERROR;
				GCC_WARN_UNDECLARED_SELECTOR = YES;
				GCC_WARN_UNINITIALIZED_AUTOS = YES_AGGRESSIVE;
				GCC_WARN_UNUSED_FUNCTION = YES;
				GCC_WARN_UNUSED_VARIABLE = YES;
				MACOSX_DEPLOYMENT_TARGET = 12.0;
				MTL_ENABLE_DEBUG_INFO = YES;
				ONLY_ACTIVE_ARCH = YES;
				SDKROOT = macosx;
			};
			name = Debug;
		};
		F9E4910B201BEA5C00355128 /* Release */ = {
			isa = XCBuildConfiguration;
			buildSettings = {
				ALWAYS_SEARCH_USER_PATHS = NO;
				CLANG_ANALYZER_NONNULL = YES;
				CLANG_ANALYZER_NUMBER_OBJECT_CONVERSION = YES_AGGRESSIVE;
				CLANG_CXX_LANGUAGE_STANDARD = "gnu++14";
				CLANG_CXX_LIBRARY = "libc++";
				CLANG_ENABLE_MODULES = YES;
				CLANG_ENABLE_OBJC_ARC = YES;
				CLANG_WARN_BLOCK_CAPTURE_AUTORELEASING = YES;
				CLANG_WARN_BOOL_CONVERSION = YES;
				CLANG_WARN_COMMA = YES;
				CLANG_WARN_CONSTANT_CONVERSION = YES;
				CLANG_WARN_DEPRECATED_OBJC_IMPLEMENTATIONS = YES;
				CLANG_WARN_DIRECT_OBJC_ISA_USAGE = YES_ERROR;
				CLANG_WARN_DOCUMENTATION_COMMENTS = YES;
				CLANG_WARN_EMPTY_BODY = YES;
				CLANG_WARN_ENUM_CONVERSION = YES;
				CLANG_WARN_INFINITE_RECURSION = YES;
				CLANG_WARN_INT_CONVERSION = YES;
				CLANG_WARN_NON_LITERAL_NULL_CONVERSION = YES;
				CLANG_WARN_OBJC_IMPLICIT_RETAIN_SELF = YES;
				CLANG_WARN_OBJC_LITERAL_CONVERSION = YES;
				CLANG_WARN_OBJC_ROOT_CLASS = YES_ERROR;
				CLANG_WARN_QUOTED_INCLUDE_IN_FRAMEWORK_HEADER = YES;
				CLANG_WARN_RANGE_LOOP_ANALYSIS = YES;
				CLANG_WARN_STRICT_PROTOTYPES = YES;
				CLANG_WARN_SUSPICIOUS_MOVE = YES;
				CLANG_WARN_UNGUARDED_AVAILABILITY = YES_AGGRESSIVE;
				CLANG_WARN_UNREACHABLE_CODE = YES;
				CLANG_WARN__DUPLICATE_METHOD_MATCH = YES;
				CODE_SIGN_IDENTITY = "Mac Developer";
				COPY_PHASE_STRIP = NO;
				DEBUG_INFORMATION_FORMAT = "dwarf-with-dsym";
				ENABLE_NS_ASSERTIONS = NO;
				ENABLE_STRICT_OBJC_MSGSEND = YES;
				GCC_C_LANGUAGE_STANDARD = gnu11;
				GCC_NO_COMMON_BLOCKS = YES;
				GCC_WARN_64_TO_32_BIT_CONVERSION = YES;
				GCC_WARN_ABOUT_RETURN_TYPE = YES_ERROR;
				GCC_WARN_UNDECLARED_SELECTOR = YES;
				GCC_WARN_UNINITIALIZED_AUTOS = YES_AGGRESSIVE;
				GCC_WARN_UNUSED_FUNCTION = YES;
				GCC_WARN_UNUSED_VARIABLE = YES;
				MACOSX_DEPLOYMENT_TARGET = 12.0;
				MTL_ENABLE_DEBUG_INFO = NO;
				SDKROOT = macosx;
			};
			name = Release;
		};
		F9E4910D201BEA5C00355128 /* Debug */ = {
			isa = XCBuildConfiguration;
			buildSettings = {
				ASSETCATALOG_COMPILER_APPICON_NAME = AppIcon;
				CODE_SIGN_ENTITLEMENTS = emutest2/emutest2.entitlements;
				CODE_SIGN_IDENTITY = "Mac Developer";
				CODE_SIGN_STYLE = Automatic;
				COMBINE_HIDPI_IMAGES = YES;
				DEVELOPMENT_TEAM = 6CZ5X85785;
				ENABLE_HARDENED_RUNTIME = YES;
				FRAMEWORK_SEARCH_PATHS = (
					"$(inherited)",
					"$(LOCAL_LIBRARY_DIR)/Frameworks",
					"$(PROJECT_DIR)/SDL",
				);
				HEADER_SEARCH_PATHS = "";
				INFOPLIST_FILE = emutest2/Info.plist;
				LD_RUNPATH_SEARCH_PATHS = (
					"$(inherited)",
					"@executable_path/../Frameworks",
				);
				LIBRARY_SEARCH_PATHS = (
					"$(inherited)",
					"$(PROJECT_DIR)",
					"$(PROJECT_DIR)/SDL/lib",
				);
				PRODUCT_BUNDLE_IDENTIFIER = com.jadegame.emu48test2.emutest2;
				PRODUCT_NAME = "$(TARGET_NAME)";
				PROVISIONING_PROFILE = "";
				PROVISIONING_PROFILE_SPECIFIER = "";
			};
			name = Debug;
		};
		F9E4910E201BEA5C00355128 /* Release */ = {
			isa = XCBuildConfiguration;
			buildSettings = {
				ASSETCATALOG_COMPILER_APPICON_NAME = AppIcon;
				CODE_SIGN_ENTITLEMENTS = emutest2/emutest2.entitlements;
				CODE_SIGN_IDENTITY = "Mac Developer";
				CODE_SIGN_STYLE = Automatic;
				COMBINE_HIDPI_IMAGES = YES;
				DEVELOPMENT_TEAM = 6CZ5X85785;
				ENABLE_HARDENED_RUNTIME = YES;
				FRAMEWORK_SEARCH_PATHS = (
					"$(inherited)",
					"$(LOCAL_LIBRARY_DIR)/Frameworks",
					"$(PROJECT_DIR)/SDL",
				);
				HEADER_SEARCH_PATHS = "";
				INFOPLIST_FILE = emutest2/Info.plist;
				LD_RUNPATH_SEARCH_PATHS = (
					"$(inherited)",
					"@executable_path/../Frameworks",
				);
				LIBRARY_SEARCH_PATHS = (
					"$(inherited)",
					"$(PROJECT_DIR)",
					"$(PROJECT_DIR)/SDL/lib",
				);
				PRODUCT_BUNDLE_IDENTIFIER = com.jadegame.emu48test2.emutest2;
				PRODUCT_NAME = "$(TARGET_NAME)";
				PROVISIONING_PROFILE_SPECIFIER = "";
			};
			name = Release;
		};
/* End XCBuildConfiguration section */

/* Begin XCConfigurationList section */
		F9E490F6201BEA5C00355128 /* Build configuration list for PBXProject "emutest2" */ = {
			isa = XCConfigurationList;
			buildConfigurations = (
				F9E4910A201BEA5C00355128 /* Debug */,
				F9E4910B201BEA5C00355128 /* Release */,
			);
			defaultConfigurationIsVisible = 0;
			defaultConfigurationName = Release;
		};
		F9E4910C201BEA5C00355128 /* Build configuration list for PBXNativeTarget "emutest2" */ = {
			isa = XCConfigurationList;
			buildConfigurations = (
				F9E4910D201BEA5C00355128 /* Debug */,
				F9E4910E201BEA5C00355128 /* Release */,
			);
			defaultConfigurationIsVisible = 0;
			defaultConfigurationName = Release;
		};
/* End XCConfigurationList section */
	};
	rootObject = F9E490F3201BEA5C00355128 /* Project object */;
}
